lockfileVersion: '6.1'

settings:
  autoInstallPeers: true
  excludeLinksFromLockfile: false

dependencies:
  node-postcodes.io:
    specifier: ^1.0.3
    version: 1.0.3

packages:

  /axios@0.21.4(debug@4.3.4):
    resolution: {integrity: sha512-ut5vewkiu8jjGBdqpM44XxjuCjq9LAKeHVmoVfHVzy8eHgxxq8SbAVQNovDA8mVi05kP0Ea/n/UzcSHcTJQfNg==}
    dependencies:
      follow-redirects: 1.15.4(debug@4.3.4)
    transitivePeerDependencies:
      - debug
    dev: false

  /debug@4.3.4:
    resolution: {integrity: sha512-PRWFHuSU3eDtQJPvnNY7Jcket1j0t5OuOsFzPPzsekD52Zl8qUfFIPEiswXqIvHWGVHOgX+7G/vCNNhehwxfkQ==}
    engines: {node: '>=6.0'}
    peerDependencies:
      supports-color: '*'
    peerDependenciesMeta:
      supports-color:
        optional: true
    dependencies:
      ms: 2.1.2
    dev: false

  /follow-redirects@1.15.4(debug@4.3.4):
    resolution: {integrity: sha512-Cr4D/5wlrb0z9dgERpUL3LrmPKVDsETIJhaCMeDfuFYcqa5bldGV6wBsAN6X/vxlXQtFBMrXdXxdL8CbDTGniw==}
    engines: {node: '>=4.0'}
    peerDependencies:
      debug: '*'
    peerDependenciesMeta:
      debug:
        optional: true
    dependencies:
      debug: 4.3.4
    dev: false

  /ms@2.1.2:
    resolution: {integrity: sha512-sGkPx+VjMtmA6MX27oA4FBFELFCZZ4S4XqeGOXCv68tT+jb3vk/RyaKWP0PTKyWtmLSM0b+adUTEvbs1PEaH2w==}
    dev: false

  /node-postcodes.io@1.0.3:
    resolution: {integrity: sha512-GiKnMZ6H9a/o8xvgyhfF2a4Y9U5PxuspSpke5ZK1qEWYXKpyQPV1vVCEA/+iZT6qB30HGpnt6bfpf+S9oIENog==}
    requiresBuild: true
    dependencies:
      axios: 0.21.4(debug@4.3.4)
      debug: 4.3.4
    transitivePeerDependencies:
      - supports-color
    dev: false
